// !$*UTF8*$!
{
	archiveVersion = 1;
	classes = {
	};
	objectVersion = 51;
	objects = {

/* Begin PBXBuildFile section */
		11FFD4142601D6F400A99A57 /* KKLibraryDemoTestViewController.m in Sources */ = {isa = PBXBuildFile; fileRef = 11FFD4132601D6F300A99A57 /* KKLibraryDemoTestViewController.m */; };
		11FFD41F2601E07D00A99A57 /* Docomo_SF.plist in Resources */ = {isa = PBXBuildFile; fileRef = 11FFD41E2601E07D00A99A57 /* Docomo_SF.plist */; };
		11FFD43226033D5100A99A57 /* DocomoTestViewController.m in Sources */ = {isa = PBXBuildFile; fileRef = 11FFD43126033D5100A99A57 /* DocomoTestViewController.m */; };
		11FFD43626033E4200A99A57 /* Default.bundle in Resources */ = {isa = PBXBuildFile; fileRef = 11FFD43526033E4200A99A57 /* Default.bundle */; };
		3A424F18269D973A00AE54AA /* SmartHomeCaptureViewController.m in Sources */ = {isa = PBXBuildFile; fileRef = 3A424F17269D973A00AE54AA /* SmartHomeCaptureViewController.m */; };
		3A424F1D269D975600AE54AA /* SmartHomeCaptureView.m in Sources */ = {isa = PBXBuildFile; fileRef = 3A424F1C269D975600AE54AA /* SmartHomeCaptureView.m */; };
		3A69A7DD25AFD8DA0003048B /* AppDelegate.m in Sources */ = {isa = PBXBuildFile; fileRef = 3A69A7DC25AFD8DA0003048B /* AppDelegate.m */; };
		3A69A7E025AFD8DA0003048B /* SceneDelegate.m in Sources */ = {isa = PBXBuildFile; fileRef = 3A69A7DF25AFD8DA0003048B /* SceneDelegate.m */; };
		3A69A7E825AFD8DC0003048B /* Assets.xcassets in Resources */ = {isa = PBXBuildFile; fileRef = 3A69A7E725AFD8DC0003048B /* Assets.xcassets */; };
		3A69A7EB25AFD8DC0003048B /* LaunchScreen.storyboard in Resources */ = {isa = PBXBuildFile; fileRef = 3A69A7E925AFD8DC0003048B /* LaunchScreen.storyboard */; };
		3A69A7EE25AFD8DC0003048B /* main.m in Sources */ = {isa = PBXBuildFile; fileRef = 3A69A7ED25AFD8DC0003048B /* main.m */; };
		3A69A7F925AFD93F0003048B /* RootViewController.m in Sources */ = {isa = PBXBuildFile; fileRef = 3A69A7F825AFD93E0003048B /* RootViewController.m */; };
		3AB14557268DB61A00A244B7 /* NetworkHelper.m in Sources */ = {isa = PBXBuildFile; fileRef = 3AB14556268DB61A00A244B7 /* NetworkHelper.m */; };
		473E96F4102948C1B5A4AB2C /* Pods_KKLibraryDemo_Pod.framework in Frameworks */ = {isa = PBXBuildFile; fileRef = EB834EB017E9AD12DCDE39F0 /* Pods_KKLibraryDemo_Pod.framework */; };
/* End PBXBuildFile section */

/* Begin PBXFileReference section */
		11FFD4122601D6F300A99A57 /* KKLibraryDemoTestViewController.h */ = {isa = PBXFileReference; lastKnownFileType = sourcecode.c.h; path = KKLibraryDemoTestViewController.h; sourceTree = "<group>"; };
		11FFD4132601D6F300A99A57 /* KKLibraryDemoTestViewController.m */ = {isa = PBXFileReference; lastKnownFileType = sourcecode.c.objc; path = KKLibraryDemoTestViewController.m; sourceTree = "<group>"; };
		11FFD41E2601E07D00A99A57 /* Docomo_SF.plist */ = {isa = PBXFileReference; lastKnownFileType = text.plist.xml; path = Docomo_SF.plist; sourceTree = "<group>"; };
		11FFD43026033D5100A99A57 /* DocomoTestViewController.h */ = {isa = PBXFileReference; lastKnownFileType = sourcecode.c.h; path = DocomoTestViewController.h; sourceTree = "<group>"; };
		11FFD43126033D5100A99A57 /* DocomoTestViewController.m */ = {isa = PBXFileReference; lastKnownFileType = sourcecode.c.objc; path = DocomoTestViewController.m; sourceTree = "<group>"; };
		11FFD43526033E4200A99A57 /* Default.bundle */ = {isa = PBXFileReference; lastKnownFileType = "wrapper.plug-in"; path = Default.bundle; sourceTree = "<group>"; };
		13693AABC3845B25DE625DFD /* Pods-KKLibraryDemo_Pod.debug.xcconfig */ = {isa = PBXFileReference; includeInIndex = 1; lastKnownFileType = text.xcconfig; name = "Pods-KKLibraryDemo_Pod.debug.xcconfig"; path = "Target Support Files/Pods-KKLibraryDemo_Pod/Pods-KKLibraryDemo_Pod.debug.xcconfig"; sourceTree = "<group>"; };
		3A424F16269D973A00AE54AA /* SmartHomeCaptureViewController.h */ = {isa = PBXFileReference; lastKnownFileType = sourcecode.c.h; path = SmartHomeCaptureViewController.h; sourceTree = "<group>"; };
		3A424F17269D973A00AE54AA /* SmartHomeCaptureViewController.m */ = {isa = PBXFileReference; lastKnownFileType = sourcecode.c.objc; path = SmartHomeCaptureViewController.m; sourceTree = "<group>"; };
		3A424F1B269D975600AE54AA /* SmartHomeCaptureView.h */ = {isa = PBXFileReference; lastKnownFileType = sourcecode.c.h; path = SmartHomeCaptureView.h; sourceTree = "<group>"; };
		3A424F1C269D975600AE54AA /* SmartHomeCaptureView.m */ = {isa = PBXFileReference; lastKnownFileType = sourcecode.c.objc; path = SmartHomeCaptureView.m; sourceTree = "<group>"; };
		3A69A7D825AFD8DA0003048B /* KKLibraryDemo_Pod.app */ = {isa = PBXFileReference; explicitFileType = wrapper.application; includeInIndex = 0; path = KKLibraryDemo_Pod.app; sourceTree = BUILT_PRODUCTS_DIR; };
		3A69A7DB25AFD8DA0003048B /* AppDelegate.h */ = {isa = PBXFileReference; lastKnownFileType = sourcecode.c.h; path = AppDelegate.h; sourceTree = "<group>"; };
		3A69A7DC25AFD8DA0003048B /* AppDelegate.m */ = {isa = PBXFileReference; lastKnownFileType = sourcecode.c.objc; path = AppDelegate.m; sourceTree = "<group>"; };
		3A69A7DE25AFD8DA0003048B /* SceneDelegate.h */ = {isa = PBXFileReference; lastKnownFileType = sourcecode.c.h; path = SceneDelegate.h; sourceTree = "<group>"; };
		3A69A7DF25AFD8DA0003048B /* SceneDelegate.m */ = {isa = PBXFileReference; lastKnownFileType = sourcecode.c.objc; path = SceneDelegate.m; sourceTree = "<group>"; };
		3A69A7E725AFD8DC0003048B /* Assets.xcassets */ = {isa = PBXFileReference; lastKnownFileType = folder.assetcatalog; path = Assets.xcassets; sourceTree = "<group>"; };
		3A69A7EA25AFD8DC0003048B /* Base */ = {isa = PBXFileReference; lastKnownFileType = file.storyboard; name = Base; path = Base.lproj/LaunchScreen.storyboard; sourceTree = "<group>"; };
		3A69A7EC25AFD8DC0003048B /* Info.plist */ = {isa = PBXFileReference; lastKnownFileType = text.plist.xml; path = Info.plist; sourceTree = "<group>"; };
		3A69A7ED25AFD8DC0003048B /* main.m */ = {isa = PBXFileReference; lastKnownFileType = sourcecode.c.objc; path = main.m; sourceTree = "<group>"; };
		3A69A7F725AFD93E0003048B /* RootViewController.h */ = {isa = PBXFileReference; fileEncoding = 4; lastKnownFileType = sourcecode.c.h; path = RootViewController.h; sourceTree = "<group>"; };
		3A69A7F825AFD93E0003048B /* RootViewController.m */ = {isa = PBXFileReference; fileEncoding = 4; lastKnownFileType = sourcecode.c.objc; path = RootViewController.m; sourceTree = "<group>"; };
		3A7E9B49264B72E800C4DA62 /* KKLibraryDemo_Pod.entitlements */ = {isa = PBXFileReference; lastKnownFileType = text.plist.entitlements; path = KKLibraryDemo_Pod.entitlements; sourceTree = "<group>"; };
		3AB14555268DB61A00A244B7 /* NetworkHelper.h */ = {isa = PBXFileReference; lastKnownFileType = sourcecode.c.h; path = NetworkHelper.h; sourceTree = "<group>"; };
		3AB14556268DB61A00A244B7 /* NetworkHelper.m */ = {isa = PBXFileReference; lastKnownFileType = sourcecode.c.objc; path = NetworkHelper.m; sourceTree = "<group>"; };
		7BFF0AA58500A957608C2BCC /* Pods-KKLibraryDemo_Pod.release.xcconfig */ = {isa = PBXFileReference; includeInIndex = 1; lastKnownFileType = text.xcconfig; name = "Pods-KKLibraryDemo_Pod.release.xcconfig"; path = "Target Support Files/Pods-KKLibraryDemo_Pod/Pods-KKLibraryDemo_Pod.release.xcconfig"; sourceTree = "<group>"; };
		EB834EB017E9AD12DCDE39F0 /* Pods_KKLibraryDemo_Pod.framework */ = {isa = PBXFileReference; explicitFileType = wrapper.framework; includeInIndex = 0; path = Pods_KKLibraryDemo_Pod.framework; sourceTree = BUILT_PRODUCTS_DIR; };
/* End PBXFileReference section */

/* Begin PBXFrameworksBuildPhase section */
		3A69A7D525AFD8DA0003048B /* Frameworks */ = {
			isa = PBXFrameworksBuildPhase;
			buildActionMask = 2147483647;
			files = (
				473E96F4102948C1B5A4AB2C /* Pods_KKLibraryDemo_Pod.framework in Frameworks */,
			);
			runOnlyForDeploymentPostprocessing = 0;
		};
/* End PBXFrameworksBuildPhase section */

/* Begin PBXGroup section */
		0CE10A6D7D6B2E008BCF201B /* Frameworks */ = {
			isa = PBXGroup;
			children = (
				EB834EB017E9AD12DCDE39F0 /* Pods_KKLibraryDemo_Pod.framework */,
			);
			name = Frameworks;
			sourceTree = "<group>";
		};
		11FFD4112601D6CD00A99A57 /* KKLibraryDemoTest */ = {
			isa = PBXGroup;
			children = (
				11FFD4122601D6F300A99A57 /* KKLibraryDemoTestViewController.h */,
				11FFD4132601D6F300A99A57 /* KKLibraryDemoTestViewController.m */,
			);
			path = KKLibraryDemoTest;
			sourceTree = "<group>";
		};
		11FFD42F26033D3D00A99A57 /* DocomoTest */ = {
			isa = PBXGroup;
			children = (
				11FFD43026033D5100A99A57 /* DocomoTestViewController.h */,
				11FFD43126033D5100A99A57 /* DocomoTestViewController.m */,
			);
			path = DocomoTest;
			sourceTree = "<group>";
		};
		3A424F15269D970A00AE54AA /* SmartHomeCapture */ = {
			isa = PBXGroup;
			children = (
				3A424F16269D973A00AE54AA /* SmartHomeCaptureViewController.h */,
				3A424F17269D973A00AE54AA /* SmartHomeCaptureViewController.m */,
				3A424F1B269D975600AE54AA /* SmartHomeCaptureView.h */,
				3A424F1C269D975600AE54AA /* SmartHomeCaptureView.m */,
			);
			path = SmartHomeCapture;
			sourceTree = "<group>";
		};
		3A69A7CF25AFD8DA0003048B = {
			isa = PBXGroup;
			children = (
				3A69A7DA25AFD8DA0003048B /* KKLibraryDemo_Pod */,
				3A69A7D925AFD8DA0003048B /* Products */,
				4F432D8AADFA084C745EB427 /* Pods */,
				0CE10A6D7D6B2E008BCF201B /* Frameworks */,
			);
			sourceTree = "<group>";
		};
		3A69A7D925AFD8DA0003048B /* Products */ = {
			isa = PBXGroup;
			children = (
				3A69A7D825AFD8DA0003048B /* KKLibraryDemo_Pod.app */,
			);
			name = Products;
			sourceTree = "<group>";
		};
		3A69A7DA25AFD8DA0003048B /* KKLibraryDemo_Pod */ = {
			isa = PBXGroup;
			children = (
				3A424F15269D970A00AE54AA /* SmartHomeCapture */,
				3A7E9B49264B72E800C4DA62 /* KKLibraryDemo_Pod.entitlements */,
				3A69A7DB25AFD8DA0003048B /* AppDelegate.h */,
				3A69A7DC25AFD8DA0003048B /* AppDelegate.m */,
				3A69A7DE25AFD8DA0003048B /* SceneDelegate.h */,
				3A69A7DF25AFD8DA0003048B /* SceneDelegate.m */,
				11FFD42F26033D3D00A99A57 /* DocomoTest */,
				11FFD4112601D6CD00A99A57 /* KKLibraryDemoTest */,
				3A69A7F725AFD93E0003048B /* RootViewController.h */,
				3A69A7F825AFD93E0003048B /* RootViewController.m */,
				3A69A7E725AFD8DC0003048B /* Assets.xcassets */,
				3A69A7E925AFD8DC0003048B /* LaunchScreen.storyboard */,
				3A69A7ED25AFD8DC0003048B /* main.m */,
				3A69A7EC25AFD8DC0003048B /* Info.plist */,
				11FFD43526033E4200A99A57 /* Default.bundle */,
				11FFD41E2601E07D00A99A57 /* Docomo_SF.plist */,
				3AB14555268DB61A00A244B7 /* NetworkHelper.h */,
				3AB14556268DB61A00A244B7 /* NetworkHelper.m */,
			);
			path = KKLibraryDemo_Pod;
			sourceTree = "<group>";
		};
		4F432D8AADFA084C745EB427 /* Pods */ = {
			isa = PBXGroup;
			children = (
				13693AABC3845B25DE625DFD /* Pods-KKLibraryDemo_Pod.debug.xcconfig */,
				7BFF0AA58500A957608C2BCC /* Pods-KKLibraryDemo_Pod.release.xcconfig */,
			);
			path = Pods;
			sourceTree = "<group>";
		};
/* End PBXGroup section */

/* Begin PBXNativeTarget section */
		3A69A7D725AFD8DA0003048B /* KKLibraryDemo_Pod */ = {
			isa = PBXNativeTarget;
			buildConfigurationList = 3A69A7F125AFD8DC0003048B /* Build configuration list for PBXNativeTarget "KKLibraryDemo_Pod" */;
			buildPhases = (
				90AB7D691101E13705E52C82 /* [CP] Check Pods Manifest.lock */,
				3A69A7D425AFD8DA0003048B /* Sources */,
				3A69A7D525AFD8DA0003048B /* Frameworks */,
				3A69A7D625AFD8DA0003048B /* Resources */,
				5A9C7549B2A50B6B46EF1183 /* [CP] Embed Pods Frameworks */,
			);
			buildRules = (
			);
			dependencies = (
			);
			name = KKLibraryDemo_Pod;
			productName = KKLibraryDemo_Pod;
			productReference = 3A69A7D825AFD8DA0003048B /* KKLibraryDemo_Pod.app */;
			productType = "com.apple.product-type.application";
		};
/* End PBXNativeTarget section */

/* Begin PBXProject section */
		3A69A7D025AFD8DA0003048B /* Project object */ = {
			isa = PBXProject;
			attributes = {
				LastUpgradeCheck = 1220;
				TargetAttributes = {
					3A69A7D725AFD8DA0003048B = {
						CreatedOnToolsVersion = 12.2;
					};
				};
			};
			buildConfigurationList = 3A69A7D325AFD8DA0003048B /* Build configuration list for PBXProject "KKLibraryDemo_Pod" */;
			compatibilityVersion = "Xcode 9.3";
			developmentRegion = en;
			hasScannedForEncodings = 0;
			knownRegions = (
				en,
				Base,
			);
			mainGroup = 3A69A7CF25AFD8DA0003048B;
			productRefGroup = 3A69A7D925AFD8DA0003048B /* Products */;
			projectDirPath = "";
			projectRoot = "";
			targets = (
				3A69A7D725AFD8DA0003048B /* KKLibraryDemo_Pod */,
			);
		};
/* End PBXProject section */

/* Begin PBXResourcesBuildPhase section */
		3A69A7D625AFD8DA0003048B /* Resources */ = {
			isa = PBXResourcesBuildPhase;
			buildActionMask = 2147483647;
			files = (
				3A69A7EB25AFD8DC0003048B /* LaunchScreen.storyboard in Resources */,
				3A69A7E825AFD8DC0003048B /* Assets.xcassets in Resources */,
				11FFD41F2601E07D00A99A57 /* Docomo_SF.plist in Resources */,
				11FFD43626033E4200A99A57 /* Default.bundle in Resources */,
			);
			runOnlyForDeploymentPostprocessing = 0;
		};
/* End PBXResourcesBuildPhase section */

/* Begin PBXShellScriptBuildPhase section */
		5A9C7549B2A50B6B46EF1183 /* [CP] Embed Pods Frameworks */ = {
			isa = PBXShellScriptBuildPhase;
			buildActionMask = 2147483647;
			files = (
			);
			inputFileListPaths = (
				"${PODS_ROOT}/Target Support Files/Pods-KKLibraryDemo_Pod/Pods-KKLibraryDemo_Pod-frameworks-${CONFIGURATION}-input-files.xcfilelist",
			);
			name = "[CP] Embed Pods Frameworks";
			outputFileListPaths = (
				"${PODS_ROOT}/Target Support Files/Pods-KKLibraryDemo_Pod/Pods-KKLibraryDemo_Pod-frameworks-${CONFIGURATION}-output-files.xcfilelist",
			);
			runOnlyForDeploymentPostprocessing = 0;
			shellPath = /bin/sh;
			shellScript = "\"${PODS_ROOT}/Target Support Files/Pods-KKLibraryDemo_Pod/Pods-KKLibraryDemo_Pod-frameworks.sh\"\n";
			showEnvVarsInLog = 0;
		};
		90AB7D691101E13705E52C82 /* [CP] Check Pods Manifest.lock */ = {
			isa = PBXShellScriptBuildPhase;
			buildActionMask = 2147483647;
			files = (
			);
			inputFileListPaths = (
			);
			inputPaths = (
				"${PODS_PODFILE_DIR_PATH}/Podfile.lock",
				"${PODS_ROOT}/Manifest.lock",
			);
			name = "[CP] Check Pods Manifest.lock";
			outputFileListPaths = (
			);
			outputPaths = (
				"$(DERIVED_FILE_DIR)/Pods-KKLibraryDemo_Pod-checkManifestLockResult.txt",
			);
			runOnlyForDeploymentPostprocessing = 0;
			shellPath = /bin/sh;
			shellScript = "diff \"${PODS_PODFILE_DIR_PATH}/Podfile.lock\" \"${PODS_ROOT}/Manifest.lock\" > /dev/null\nif [ $? != 0 ] ; then\n    # print error to STDERR\n    echo \"error: The sandbox is not in sync with the Podfile.lock. Run 'pod install' or update your CocoaPods installation.\" >&2\n    exit 1\nfi\n# This output is used by Xcode 'outputs' to avoid re-running this script phase.\necho \"SUCCESS\" > \"${SCRIPT_OUTPUT_FILE_0}\"\n";
			showEnvVarsInLog = 0;
		};
/* End PBXShellScriptBuildPhase section */

/* Begin PBXSourcesBuildPhase section */
		3A69A7D425AFD8DA0003048B /* Sources */ = {
			isa = PBXSourcesBuildPhase;
			buildActionMask = 2147483647;
			files = (
				3A69A7DD25AFD8DA0003048B /* AppDelegate.m in Sources */,
				3A69A7EE25AFD8DC0003048B /* main.m in Sources */,
				3A69A7E025AFD8DA0003048B /* SceneDelegate.m in Sources */,
				3A69A7F925AFD93F0003048B /* RootViewController.m in Sources */,
				3A424F18269D973A00AE54AA /* SmartHomeCaptureViewController.m in Sources */,
				3AB14557268DB61A00A244B7 /* NetworkHelper.m in Sources */,
				3A424F1D269D975600AE54AA /* SmartHomeCaptureView.m in Sources */,
				11FFD43226033D5100A99A57 /* DocomoTestViewController.m in Sources */,
				11FFD4142601D6F400A99A57 /* KKLibraryDemoTestViewController.m in Sources */,
			);
			runOnlyForDeploymentPostprocessing = 0;
		};
/* End PBXSourcesBuildPhase section */

/* Begin PBXVariantGroup section */
		3A69A7E925AFD8DC0003048B /* LaunchScreen.storyboard */ = {
			isa = PBXVariantGroup;
			children = (
				3A69A7EA25AFD8DC0003048B /* Base */,
			);
			name = LaunchScreen.storyboard;
			sourceTree = "<group>";
		};
/* End PBXVariantGroup section */

/* Begin XCBuildConfiguration section */
		3A69A7EF25AFD8DC0003048B /* Debug */ = {
			isa = XCBuildConfiguration;
			buildSettings = {
				ALWAYS_SEARCH_USER_PATHS = NO;
				CLANG_ANALYZER_NONNULL = YES;
				CLANG_ANALYZER_NUMBER_OBJECT_CONVERSION = YES_AGGRESSIVE;
				CLANG_CXX_LANGUAGE_STANDARD = "gnu++14";
				CLANG_CXX_LIBRARY = "libc++";
				CLANG_ENABLE_MODULES = YES;
				CLANG_ENABLE_OBJC_ARC = YES;
				CLANG_ENABLE_OBJC_WEAK = YES;
				CLANG_WARN_BLOCK_CAPTURE_AUTORELEASING = YES;
				CLANG_WARN_BOOL_CONVERSION = YES;
				CLANG_WARN_COMMA = YES;
				CLANG_WARN_CONSTANT_CONVERSION = YES;
				CLANG_WARN_DEPRECATED_OBJC_IMPLEMENTATIONS = YES;
				CLANG_WARN_DIRECT_OBJC_ISA_USAGE = YES_ERROR;
				CLANG_WARN_DOCUMENTATION_COMMENTS = YES;
				CLANG_WARN_EMPTY_BODY = YES;
				CLANG_WARN_ENUM_CONVERSION = YES;
				CLANG_WARN_INFINITE_RECURSION = YES;
				CLANG_WARN_INT_CONVERSION = YES;
				CLANG_WARN_NON_LITERAL_NULL_CONVERSION = YES;
				CLANG_WARN_OBJC_IMPLICIT_RETAIN_SELF = YES;
				CLANG_WARN_OBJC_LITERAL_CONVERSION = YES;
				CLANG_WARN_OBJC_ROOT_CLASS = YES_ERROR;
				CLANG_WARN_QUOTED_INCLUDE_IN_FRAMEWORK_HEADER = YES;
				CLANG_WARN_RANGE_LOOP_ANALYSIS = YES;
				CLANG_WARN_STRICT_PROTOTYPES = YES;
				CLANG_WARN_SUSPICIOUS_MOVE = YES;
				CLANG_WARN_UNGUARDED_AVAILABILITY = YES_AGGRESSIVE;
				CLANG_WARN_UNREACHABLE_CODE = YES;
				CLANG_WARN__DUPLICATE_METHOD_MATCH = YES;
				COPY_PHASE_STRIP = NO;
				DEBUG_INFORMATION_FORMAT = dwarf;
				ENABLE_STRICT_OBJC_MSGSEND = YES;
				ENABLE_TESTABILITY = YES;
				GCC_C_LANGUAGE_STANDARD = gnu11;
				GCC_DYNAMIC_NO_PIC = NO;
				GCC_NO_COMMON_BLOCKS = YES;
				GCC_OPTIMIZATION_LEVEL = 0;
				GCC_PREPROCESSOR_DEFINITIONS = (
					"DEBUG=1",
					"$(inherited)",
				);
				GCC_WARN_64_TO_32_BIT_CONVERSION = YES;
				GCC_WARN_ABOUT_RETURN_TYPE = YES_ERROR;
				GCC_WARN_UNDECLARED_SELECTOR = YES;
				GCC_WARN_UNINITIALIZED_AUTOS = YES_AGGRESSIVE;
				GCC_WARN_UNUSED_FUNCTION = YES;
				GCC_WARN_UNUSED_VARIABLE = YES;
				IPHONEOS_DEPLOYMENT_TARGET = 10.0;
				MTL_ENABLE_DEBUG_INFO = INCLUDE_SOURCE;
				MTL_FAST_MATH = YES;
				ONLY_ACTIVE_ARCH = YES;
				SDKROOT = iphoneos;
			};
			name = Debug;
		};
		3A69A7F025AFD8DC0003048B /* Release */ = {
			isa = XCBuildConfiguration;
			buildSettings = {
				ALWAYS_SEARCH_USER_PATHS = NO;
				CLANG_ANALYZER_NONNULL = YES;
				CLANG_ANALYZER_NUMBER_OBJECT_CONVERSION = YES_AGGRESSIVE;
				CLANG_CXX_LANGUAGE_STANDARD = "gnu++14";
				CLANG_CXX_LIBRARY = "libc++";
				CLANG_ENABLE_MODULES = YES;
				CLANG_ENABLE_OBJC_ARC = YES;
				CLANG_ENABLE_OBJC_WEAK = YES;
				CLANG_WARN_BLOCK_CAPTURE_AUTORELEASING = YES;
				CLANG_WARN_BOOL_CONVERSION = YES;
				CLANG_WARN_COMMA = YES;
				CLANG_WARN_CONSTANT_CONVERSION = YES;
				CLANG_WARN_DEPRECATED_OBJC_IMPLEMENTATIONS = YES;
				CLANG_WARN_DIRECT_OBJC_ISA_USAGE = YES_ERROR;
				CLANG_WARN_DOCUMENTATION_COMMENTS = YES;
				CLANG_WARN_EMPTY_BODY = YES;
				CLANG_WARN_ENUM_CONVERSION = YES;
				CLANG_WARN_INFINITE_RECURSION = YES;
				CLANG_WARN_INT_CONVERSION = YES;
				CLANG_WARN_NON_LITERAL_NULL_CONVERSION = YES;
				CLANG_WARN_OBJC_IMPLICIT_RETAIN_SELF = YES;
				CLANG_WARN_OBJC_LITERAL_CONVERSION = YES;
				CLANG_WARN_OBJC_ROOT_CLASS = YES_ERROR;
				CLANG_WARN_QUOTED_INCLUDE_IN_FRAMEWORK_HEADER = YES;
				CLANG_WARN_RANGE_LOOP_ANALYSIS = YES;
				CLANG_WARN_STRICT_PROTOTYPES = YES;
				CLANG_WARN_SUSPICIOUS_MOVE = YES;
				CLANG_WARN_UNGUARDED_AVAILABILITY = YES_AGGRESSIVE;
				CLANG_WARN_UNREACHABLE_CODE = YES;
				CLANG_WARN__DUPLICATE_METHOD_MATCH = YES;
				COPY_PHASE_STRIP = NO;
				DEBUG_INFORMATION_FORMAT = "dwarf-with-dsym";
				ENABLE_NS_ASSERTIONS = NO;
				ENABLE_STRICT_OBJC_MSGSEND = YES;
				GCC_C_LANGUAGE_STANDARD = gnu11;
				GCC_NO_COMMON_BLOCKS = YES;
				GCC_WARN_64_TO_32_BIT_CONVERSION = YES;
				GCC_WARN_ABOUT_RETURN_TYPE = YES_ERROR;
				GCC_WARN_UNDECLARED_SELECTOR = YES;
				GCC_WARN_UNINITIALIZED_AUTOS = YES_AGGRESSIVE;
				GCC_WARN_UNUSED_FUNCTION = YES;
				GCC_WARN_UNUSED_VARIABLE = YES;
				IPHONEOS_DEPLOYMENT_TARGET = 10.0;
				MTL_ENABLE_DEBUG_INFO = NO;
				MTL_FAST_MATH = YES;
				SDKROOT = iphoneos;
				VALIDATE_PRODUCT = YES;
			};
			name = Release;
		};
		3A69A7F225AFD8DC0003048B /* Debug */ = {
			isa = XCBuildConfiguration;
			baseConfigurationReference = 13693AABC3845B25DE625DFD /* Pods-KKLibraryDemo_Pod.debug.xcconfig */;
			buildSettings = {
				ASSETCATALOG_COMPILER_APPICON_NAME = AppIcon;
				ASSETCATALOG_COMPILER_GLOBAL_ACCENT_COLOR_NAME = AccentColor;
				CODE_SIGN_ENTITLEMENTS = KKLibraryDemo_Pod/KKLibraryDemo_Pod.entitlements;
				CODE_SIGN_IDENTITY = "iPhone Developer";
				CODE_SIGN_STYLE = Manual;
				DEVELOPMENT_TEAM = L76KY7YU4W;
				INFOPLIST_FILE = KKLibraryDemo_Pod/Info.plist;
				LD_RUNPATH_SEARCH_PATHS = (
					"$(inherited)",
					"@executable_path/Frameworks",
				);
				PRODUCT_BUNDLE_IDENTIFIER = com.kekestudio.library.poddemo;
				PRODUCT_NAME = "$(TARGET_NAME)";
				PROVISIONING_PROFILE_SPECIFIER = KeKeLibraryPodDemo_Dev;
				TARGETED_DEVICE_FAMILY = "1,2";
			};
			name = Debug;
		};
		3A69A7F325AFD8DC0003048B /* Release */ = {
			isa = XCBuildConfiguration;
			baseConfigurationReference = 7BFF0AA58500A957608C2BCC /* Pods-KKLibraryDemo_Pod.release.xcconfig */;
			buildSettings = {
				ASSETCATALOG_COMPILER_APPICON_NAME = AppIcon;
				ASSETCATALOG_COMPILER_GLOBAL_ACCENT_COLOR_NAME = AccentColor;
				CODE_SIGN_ENTITLEMENTS = KKLibraryDemo_Pod/KKLibraryDemo_Pod.entitlements;
				CODE_SIGN_IDENTITY = "iPhone Distribution";
				CODE_SIGN_STYLE = Manual;
				DEVELOPMENT_TEAM = L76KY7YU4W;
				INFOPLIST_FILE = KKLibraryDemo_Pod/Info.plist;
				LD_RUNPATH_SEARCH_PATHS = (
					"$(inherited)",
					"@executable_path/Frameworks",
				);
				PRODUCT_BUNDLE_IDENTIFIER = com.kekestudio.library.poddemo;
				PRODUCT_NAME = "$(TARGET_NAME)";
				PROVISIONING_PROFILE_SPECIFIER = KeKeLibraryPodDemo_AdHoc;
				TARGETED_DEVICE_FAMILY = "1,2";
			};
			name = Release;
		};
/* End XCBuildConfiguration section */

/* Begin XCConfigurationList section */
		3A69A7D325AFD8DA0003048B /* Build configuration list for PBXProject "KKLibraryDemo_Pod" */ = {
			isa = XCConfigurationList;
			buildConfigurations = (
				3A69A7EF25AFD8DC0003048B /* Debug */,
				3A69A7F025AFD8DC0003048B /* Release */,
			);
			defaultConfigurationIsVisible = 0;
			defaultConfigurationName = Release;
		};
		3A69A7F125AFD8DC0003048B /* Build configuration list for PBXNativeTarget "KKLibraryDemo_Pod" */ = {
			isa = XCConfigurationList;
			buildConfigurations = (
				3A69A7F225AFD8DC0003048B /* Debug */,
				3A69A7F325AFD8DC0003048B /* Release */,
			);
			defaultConfigurationIsVisible = 0;
			defaultConfigurationName = Release;
		};
/* End XCConfigurationList section */
	};
	rootObject = 3A69A7D025AFD8DA0003048B /* Project object */;
}
